
Microsoft Visual Studio Solution File, Format Version 12.00
# Visual Studio Version 16
VisualStudioVersion = 16.0.30621.155
MinimumVisualStudioVersion = 10.0.40219.1
Project("{2150E333-8FDC-42A3-9474-1A3956D46DE8}") = "Module_2_Processes", "Module_2_Processes", "{2F88AA43-C0EC-415E-9BA3-76C27F77F641}"
EndProject
Project("{FAE04EC0-301F-11D3-BF4B-00C04F79EFBC}") = "Task_1_2_3", "Task_1_2_3\Task_1_2_3.csproj", "{7DFB9AD5-29F1-494D-881A-85E53A6DB35A}"
EndProject
Project("{2150E333-8FDC-42A3-9474-1A3956D46DE8}") = "Mudule_1_Multithreading_and_asynchrony_part_1", "Mudule_1_Multithreading_and_asynchrony_part_1", "{2F269F3E-1C48-4D71-95CA-0285ECC3D9B7}"
EndProject
Project("{FAE04EC0-301F-11D3-BF4B-00C04F79EFBC}") = "Task_Consl_p1", "Task_Consl_p1\Task_Consl_p1.csproj", "{0384EFD1-D6DD-4266-8E63-2AC046711AB1}"
EndProject
Project("{FAE04EC0-301F-11D3-BF4B-00C04F79EFBC}") = "Task_WinForm_p1", "Task_WinForm_p1\Task_WinForm_p1.csproj", "{7007613E-90D0-4CC5-BFAE-73D23D86A2EA}"
EndProject
Project("{2150E333-8FDC-42A3-9474-1A3956D46DE8}") = "Module_2_Processes_HW", "Module_2_Processes_HW", "{A696109F-0BB5-400C-92B0-8B7D515972CD}"
EndProject
Project("{FAE04EC0-301F-11D3-BF4B-00C04F79EFBC}") = "M2PHW", "M2PHW\M2PHW.csproj", "{A4B9D098-8CE9-4D31-BAB8-221C7A33EF35}"
EndProject
Project("{FAE04EC0-301F-11D3-BF4B-00C04F79EFBC}") = "M2PHW_Lag", "M2PHW_Lag\M2PHW_Lag.csproj", "{1A49CC2D-9397-42A7-B09C-9177BFBB3927}"
EndProject
Project("{FAE04EC0-301F-11D3-BF4B-00C04F79EFBC}") = "M2PHW_Zenz", "M2PHW_Zenz\M2PHW_Zenz.csproj", "{2E6B1960-5D92-42DA-AC46-3D84E58347D1}"
EndProject
Global
	GlobalSection(SolutionConfigurationPlatforms) = preSolution
		Debug|Any CPU = Debug|Any CPU
		Release|Any CPU = Release|Any CPU
	EndGlobalSection
	GlobalSection(ProjectConfigurationPlatforms) = postSolution
		{7DFB9AD5-29F1-494D-881A-85E53A6DB35A}.Debug|Any CPU.ActiveCfg = Debug|Any CPU
		{7DFB9AD5-29F1-494D-881A-85E53A6DB35A}.Debug|Any CPU.Build.0 = Debug|Any CPU
		{7DFB9AD5-29F1-494D-881A-85E53A6DB35A}.Release|Any CPU.ActiveCfg = Release|Any CPU
		{7DFB9AD5-29F1-494D-881A-85E53A6DB35A}.Release|Any CPU.Build.0 = Release|Any CPU
		{0384EFD1-D6DD-4266-8E63-2AC046711AB1}.Debug|Any CPU.ActiveCfg = Debug|Any CPU
		{0384EFD1-D6DD-4266-8E63-2AC046711AB1}.Debug|Any CPU.Build.0 = Debug|Any CPU
		{0384EFD1-D6DD-4266-8E63-2AC046711AB1}.Release|Any CPU.ActiveCfg = Release|Any CPU
		{0384EFD1-D6DD-4266-8E63-2AC046711AB1}.Release|Any CPU.Build.0 = Release|Any CPU
		{7007613E-90D0-4CC5-BFAE-73D23D86A2EA}.Debug|Any CPU.ActiveCfg = Debug|Any CPU
		{7007613E-90D0-4CC5-BFAE-73D23D86A2EA}.Debug|Any CPU.Build.0 = Debug|Any CPU
		{7007613E-90D0-4CC5-BFAE-73D23D86A2EA}.Release|Any CPU.ActiveCfg = Release|Any CPU
		{7007613E-90D0-4CC5-BFAE-73D23D86A2EA}.Release|Any CPU.Build.0 = Release|Any CPU
		{A4B9D098-8CE9-4D31-BAB8-221C7A33EF35}.Debug|Any CPU.ActiveCfg = Debug|Any CPU
		{A4B9D098-8CE9-4D31-BAB8-221C7A33EF35}.Debug|Any CPU.Build.0 = Debug|Any CPU
		{A4B9D098-8CE9-4D31-BAB8-221C7A33EF35}.Release|Any CPU.ActiveCfg = Release|Any CPU
		{A4B9D098-8CE9-4D31-BAB8-221C7A33EF35}.Release|Any CPU.Build.0 = Release|Any CPU
		{1A49CC2D-9397-42A7-B09C-9177BFBB3927}.Debug|Any CPU.ActiveCfg = Debug|Any CPU
		{1A49CC2D-9397-42A7-B09C-9177BFBB3927}.Debug|Any CPU.Build.0 = Debug|Any CPU
		{1A49CC2D-9397-42A7-B09C-9177BFBB3927}.Release|Any CPU.ActiveCfg = Release|Any CPU
		{1A49CC2D-9397-42A7-B09C-9177BFBB3927}.Release|Any CPU.Build.0 = Release|Any CPU
		{2E6B1960-5D92-42DA-AC46-3D84E58347D1}.Debug|Any CPU.ActiveCfg = Debug|Any CPU
		{2E6B1960-5D92-42DA-AC46-3D84E58347D1}.Debug|Any CPU.Build.0 = Debug|Any CPU
		{2E6B1960-5D92-42DA-AC46-3D84E58347D1}.Release|Any CPU.ActiveCfg = Release|Any CPU
		{2E6B1960-5D92-42DA-AC46-3D84E58347D1}.Release|Any CPU.Build.0 = Release|Any CPU
	EndGlobalSection
	GlobalSection(SolutionProperties) = preSolution
		HideSolutionNode = FALSE
	EndGlobalSection
	GlobalSection(NestedProjects) = preSolution
		{7DFB9AD5-29F1-494D-881A-85E53A6DB35A} = {2F88AA43-C0EC-415E-9BA3-76C27F77F641}
		{0384EFD1-D6DD-4266-8E63-2AC046711AB1} = {2F269F3E-1C48-4D71-95CA-0285ECC3D9B7}
		{7007613E-90D0-4CC5-BFAE-73D23D86A2EA} = {2F269F3E-1C48-4D71-95CA-0285ECC3D9B7}
		{A4B9D098-8CE9-4D31-BAB8-221C7A33EF35} = {A696109F-0BB5-400C-92B0-8B7D515972CD}
		{1A49CC2D-9397-42A7-B09C-9177BFBB3927} = {A696109F-0BB5-400C-92B0-8B7D515972CD}
		{2E6B1960-5D92-42DA-AC46-3D84E58347D1} = {A696109F-0BB5-400C-92B0-8B7D515972CD}
	EndGlobalSection
	GlobalSection(ExtensibilityGlobals) = postSolution
		SolutionGuid = {73EF5E42-3A1D-4E40-B6ED-456B3217FC0C}
	EndGlobalSection
EndGlobal
